
Microsoft Visual Studio Solution File, Format Version 12.00
# Visual Studio Version 17
VisualStudioVersion = 17.6.33829.357
MinimumVisualStudioVersion = 10.0.40219.1
Project("{FAE04EC0-301F-11D3-BF4B-00C04F79EFBC}") = "PSAula15-gerenciador-de-clientes", "PSAula15-gerenciador-de-clientes.csproj", "{867008DB-8B2E-43D8-B324-B65FF1928088}"
EndProject
Global
	GlobalSection(SolutionConfigurationPlatforms) = preSolution
		Debug|Any CPU = Debug|Any CPU
		Release|Any CPU = Release|Any CPU
	EndGlobalSection
	GlobalSection(ProjectConfigurationPlatforms) = postSolution
		{867008DB-8B2E-43D8-B324-B65FF1928088}.Debug|Any CPU.ActiveCfg = Debug|Any CPU
		{867008DB-8B2E-43D8-B324-B65FF1928088}.Debug|Any CPU.Build.0 = Debug|Any CPU
		{867008DB-8B2E-43D8-B324-B65FF1928088}.Release|Any CPU.ActiveCfg = Release|Any CPU
		{867008DB-8B2E-43D8-B324-B65FF1928088}.Release|Any CPU.Build.0 = Release|Any CPU
	EndGlobalSection
	GlobalSection(SolutionProperties) = preSolution
		HideSolutionNode = FALSE
	EndGlobalSection
	GlobalSection(ExtensibilityGlobals) = postSolution
		SolutionGuid = {B31578DC-5516-4DC7-8FE2-180E40A5B4B6}
	EndGlobalSection
EndGlobal
